
Microsoft Visual Studio Solution File, Format Version 12.00
# Visual Studio Version 17
VisualStudioVersion = 17.13.35919.96 d17.13
MinimumVisualStudioVersion = 10.0.40219.1
Project("{FAE04EC0-301F-11D3-BF4B-00C04F79EFBC}") = "FoodDictionary", "FoodDictionary.csproj", "{841587AB-D52A-41E8-815C-A478E98E0470}"
EndProject
Global
	GlobalSection(SolutionConfigurationPlatforms) = preSolution
		Debug|Any CPU = Debug|Any CPU
		Release|Any CPU = Release|Any CPU
	EndGlobalSection
	GlobalSection(ProjectConfigurationPlatforms) = postSolution
		{841587AB-D52A-41E8-815C-A478E98E0470}.Debug|Any CPU.ActiveCfg = Debug|Any CPU
		{841587AB-D52A-41E8-815C-A478E98E0470}.Debug|Any CPU.Build.0 = Debug|Any CPU
		{841587AB-D52A-41E8-815C-A478E98E0470}.Release|Any CPU.ActiveCfg = Release|Any CPU
		{841587AB-D52A-41E8-815C-A478E98E0470}.Release|Any CPU.Build.0 = Release|Any CPU
	EndGlobalSection
	GlobalSection(SolutionProperties) = preSolution
		HideSolutionNode = FALSE
	EndGlobalSection
	GlobalSection(ExtensibilityGlobals) = postSolution
		SolutionGuid = {4E081A93-4F82-4FF5-9D64-7B75C047FD8D}
	EndGlobalSection
EndGlobal
